// !$*UTF8*$!
{
	archiveVersion = 1;
	classes = {
	};
	objectVersion = 46;
	objects = {

/* Begin PBXBuildFile section */
		5D3762F0154EEF2700A5D323 /* Cocoa.framework in Frameworks */ = {isa = PBXBuildFile; fileRef = 5D3762EF154EEF2700A5D323 /* Cocoa.framework */; };
		5D3762FA154EEF2700A5D323 /* InfoPlist.strings in Resources */ = {isa = PBXBuildFile; fileRef = 5D3762F8154EEF2700A5D323 /* InfoPlist.strings */; };
		5D3762FC154EEF2700A5D323 /* main.m in Sources */ = {isa = PBXBuildFile; fileRef = 5D3762FB154EEF2700A5D323 /* main.m */; };
		5D376300154EEF2700A5D323 /* Credits.rtf in Resources */ = {isa = PBXBuildFile; fileRef = 5D3762FE154EEF2700A5D323 /* Credits.rtf */; };
		5D376303154EEF2700A5D323 /* AppDelegate.m in Sources */ = {isa = PBXBuildFile; fileRef = 5D376302154EEF2700A5D323 /* AppDelegate.m */; };
		5D376306154EEF2700A5D323 /* MainMenu.xib in Resources */ = {isa = PBXBuildFile; fileRef = 5D376304154EEF2700A5D323 /* MainMenu.xib */; };
		5DE949F5154F36EA00A1A264 /* IOKit.framework in Frameworks */ = {isa = PBXBuildFile; fileRef = 5DE949F4154F36EA00A1A264 /* IOKit.framework */; };
/* End PBXBuildFile section */

/* Begin PBXFileReference section */
		5D3762EB154EEF2600A5D323 /* Dropbox Autopause.app */ = {isa = PBXFileReference; explicitFileType = wrapper.application; includeInIndex = 0; path = "Dropbox Autopause.app"; sourceTree = BUILT_PRODUCTS_DIR; };
		5D3762EF154EEF2700A5D323 /* Cocoa.framework */ = {isa = PBXFileReference; lastKnownFileType = wrapper.framework; name = Cocoa.framework; path = System/Library/Frameworks/Cocoa.framework; sourceTree = SDKROOT; };
		5D3762F2154EEF2700A5D323 /* AppKit.framework */ = {isa = PBXFileReference; lastKnownFileType = wrapper.framework; name = AppKit.framework; path = System/Library/Frameworks/AppKit.framework; sourceTree = SDKROOT; };
		5D3762F3154EEF2700A5D323 /* CoreData.framework */ = {isa = PBXFileReference; lastKnownFileType = wrapper.framework; name = CoreData.framework; path = System/Library/Frameworks/CoreData.framework; sourceTree = SDKROOT; };
		5D3762F4154EEF2700A5D323 /* Foundation.framework */ = {isa = PBXFileReference; lastKnownFileType = wrapper.framework; name = Foundation.framework; path = System/Library/Frameworks/Foundation.framework; sourceTree = SDKROOT; };
		5D3762F7154EEF2700A5D323 /* Dropbox Autopause-Info.plist */ = {isa = PBXFileReference; lastKnownFileType = text.plist.xml; path = "Dropbox Autopause-Info.plist"; sourceTree = "<group>"; };
		5D3762F9154EEF2700A5D323 /* en */ = {isa = PBXFileReference; lastKnownFileType = text.plist.strings; name = en; path = en.lproj/InfoPlist.strings; sourceTree = "<group>"; };
		5D3762FB154EEF2700A5D323 /* main.m */ = {isa = PBXFileReference; lastKnownFileType = sourcecode.c.objc; path = main.m; sourceTree = "<group>"; };
		5D3762FD154EEF2700A5D323 /* Dropbox Autopause-Prefix.pch */ = {isa = PBXFileReference; lastKnownFileType = sourcecode.c.h; path = "Dropbox Autopause-Prefix.pch"; sourceTree = "<group>"; };
		5D3762FF154EEF2700A5D323 /* en */ = {isa = PBXFileReference; lastKnownFileType = text.rtf; name = en; path = en.lproj/Credits.rtf; sourceTree = "<group>"; };
		5D376301154EEF2700A5D323 /* AppDelegate.h */ = {isa = PBXFileReference; lastKnownFileType = sourcecode.c.h; path = AppDelegate.h; sourceTree = "<group>"; };
		5D376302154EEF2700A5D323 /* AppDelegate.m */ = {isa = PBXFileReference; lastKnownFileType = sourcecode.c.objc; path = AppDelegate.m; sourceTree = "<group>"; };
		5D376305154EEF2700A5D323 /* en */ = {isa = PBXFileReference; lastKnownFileType = file.xib; name = en; path = en.lproj/MainMenu.xib; sourceTree = "<group>"; };
		5DE949F4154F36EA00A1A264 /* IOKit.framework */ = {isa = PBXFileReference; lastKnownFileType = wrapper.framework; name = IOKit.framework; path = System/Library/Frameworks/IOKit.framework; sourceTree = SDKROOT; };
/* End PBXFileReference section */

/* Begin PBXFrameworksBuildPhase section */
		5D3762E8154EEF2600A5D323 /* Frameworks */ = {
			isa = PBXFrameworksBuildPhase;
			buildActionMask = 2147483647;
			files = (
				5DE949F5154F36EA00A1A264 /* IOKit.framework in Frameworks */,
				5D3762F0154EEF2700A5D323 /* Cocoa.framework in Frameworks */,
			);
			runOnlyForDeploymentPostprocessing = 0;
		};
/* End PBXFrameworksBuildPhase section */

/* Begin PBXGroup section */
		5D3762E0154EEF2600A5D323 = {
			isa = PBXGroup;
			children = (
				5D3762F5154EEF2700A5D323 /* Dropbox Autopause */,
				5D3762EE154EEF2700A5D323 /* Frameworks */,
				5D3762EC154EEF2600A5D323 /* Products */,
			);
			sourceTree = "<group>";
		};
		5D3762EC154EEF2600A5D323 /* Products */ = {
			isa = PBXGroup;
			children = (
				5D3762EB154EEF2600A5D323 /* Dropbox Autopause.app */,
			);
			name = Products;
			sourceTree = "<group>";
		};
		5D3762EE154EEF2700A5D323 /* Frameworks */ = {
			isa = PBXGroup;
			children = (
				5DE949F4154F36EA00A1A264 /* IOKit.framework */,
				5D3762EF154EEF2700A5D323 /* Cocoa.framework */,
				5D3762F1154EEF2700A5D323 /* Other Frameworks */,
			);
			name = Frameworks;
			sourceTree = "<group>";
		};
		5D3762F1154EEF2700A5D323 /* Other Frameworks */ = {
			isa = PBXGroup;
			children = (
				5D3762F2154EEF2700A5D323 /* AppKit.framework */,
				5D3762F3154EEF2700A5D323 /* CoreData.framework */,
				5D3762F4154EEF2700A5D323 /* Foundation.framework */,
			);
			name = "Other Frameworks";
			sourceTree = "<group>";
		};
		5D3762F5154EEF2700A5D323 /* Dropbox Autopause */ = {
			isa = PBXGroup;
			children = (
				5D376301154EEF2700A5D323 /* AppDelegate.h */,
				5D376302154EEF2700A5D323 /* AppDelegate.m */,
				5D376304154EEF2700A5D323 /* MainMenu.xib */,
				5D3762F6154EEF2700A5D323 /* Supporting Files */,
			);
			path = "Dropbox Autopause";
			sourceTree = "<group>";
		};
		5D3762F6154EEF2700A5D323 /* Supporting Files */ = {
			isa = PBXGroup;
			children = (
				5D3762F7154EEF2700A5D323 /* Dropbox Autopause-Info.plist */,
				5D3762F8154EEF2700A5D323 /* InfoPlist.strings */,
				5D3762FB154EEF2700A5D323 /* main.m */,
				5D3762FD154EEF2700A5D323 /* Dropbox Autopause-Prefix.pch */,
				5D3762FE154EEF2700A5D323 /* Credits.rtf */,
			);
			name = "Supporting Files";
			sourceTree = "<group>";
		};
/* End PBXGroup section */

/* Begin PBXNativeTarget section */
		5D3762EA154EEF2600A5D323 /* Dropbox Autopause */ = {
			isa = PBXNativeTarget;
			buildConfigurationList = 5D376309154EEF2700A5D323 /* Build configuration list for PBXNativeTarget "Dropbox Autopause" */;
			buildPhases = (
				5D3762E7154EEF2600A5D323 /* Sources */,
				5D3762E8154EEF2600A5D323 /* Frameworks */,
				5D3762E9154EEF2600A5D323 /* Resources */,
			);
			buildRules = (
			);
			dependencies = (
			);
			name = "Dropbox Autopause";
			productName = "Dropbox Autopause";
			productReference = 5D3762EB154EEF2600A5D323 /* Dropbox Autopause.app */;
			productType = "com.apple.product-type.application";
		};
/* End PBXNativeTarget section */

/* Begin PBXProject section */
		5D3762E2154EEF2600A5D323 /* Project object */ = {
			isa = PBXProject;
			attributes = {
				LastUpgradeCheck = 0460;
			};
			buildConfigurationList = 5D3762E5154EEF2600A5D323 /* Build configuration list for PBXProject "Dropbox Autopause" */;
			compatibilityVersion = "Xcode 3.2";
			developmentRegion = English;
			hasScannedForEncodings = 0;
			knownRegions = (
				en,
			);
			mainGroup = 5D3762E0154EEF2600A5D323;
			productRefGroup = 5D3762EC154EEF2600A5D323 /* Products */;
			projectDirPath = "";
			projectRoot = "";
			targets = (
				5D3762EA154EEF2600A5D323 /* Dropbox Autopause */,
			);
		};
/* End PBXProject section */

/* Begin PBXResourcesBuildPhase section */
		5D3762E9154EEF2600A5D323 /* Resources */ = {
			isa = PBXResourcesBuildPhase;
			buildActionMask = 2147483647;
			files = (
				5D3762FA154EEF2700A5D323 /* InfoPlist.strings in Resources */,
				5D376300154EEF2700A5D323 /* Credits.rtf in Resources */,
				5D376306154EEF2700A5D323 /* MainMenu.xib in Resources */,
			);
			runOnlyForDeploymentPostprocessing = 0;
		};
/* End PBXResourcesBuildPhase section */

/* Begin PBXSourcesBuildPhase section */
		5D3762E7154EEF2600A5D323 /* Sources */ = {
			isa = PBXSourcesBuildPhase;
			buildActionMask = 2147483647;
			files = (
				5D3762FC154EEF2700A5D323 /* main.m in Sources */,
				5D376303154EEF2700A5D323 /* AppDelegate.m in Sources */,
			);
			runOnlyForDeploymentPostprocessing = 0;
		};
/* End PBXSourcesBuildPhase section */

/* Begin PBXVariantGroup section */
		5D3762F8154EEF2700A5D323 /* InfoPlist.strings */ = {
			isa = PBXVariantGroup;
			children = (
				5D3762F9154EEF2700A5D323 /* en */,
			);
			name = InfoPlist.strings;
			sourceTree = "<group>";
		};
		5D3762FE154EEF2700A5D323 /* Credits.rtf */ = {
			isa = PBXVariantGroup;
			children = (
				5D3762FF154EEF2700A5D323 /* en */,
			);
			name = Credits.rtf;
			sourceTree = "<group>";
		};
		5D376304154EEF2700A5D323 /* MainMenu.xib */ = {
			isa = PBXVariantGroup;
			children = (
				5D376305154EEF2700A5D323 /* en */,
			);
			name = MainMenu.xib;
			sourceTree = "<group>";
		};
/* End PBXVariantGroup section */

/* Begin XCBuildConfiguration section */
		5D376307154EEF2700A5D323 /* Debug */ = {
			isa = XCBuildConfiguration;
			buildSettings = {
				ALWAYS_SEARCH_USER_PATHS = NO;
				ARCHS = "$(ARCHS_STANDARD_64_BIT)";
				CLANG_ENABLE_OBJC_ARC = YES;
				CLANG_WARN_CONSTANT_CONVERSION = YES;
				CLANG_WARN_ENUM_CONVERSION = YES;
				CLANG_WARN_INT_CONVERSION = YES;
				CLANG_WARN__DUPLICATE_METHOD_MATCH = YES;
				COPY_PHASE_STRIP = NO;
				GCC_C_LANGUAGE_STANDARD = gnu99;
				GCC_DYNAMIC_NO_PIC = NO;
				GCC_ENABLE_OBJC_EXCEPTIONS = YES;
				GCC_OPTIMIZATION_LEVEL = 0;
				GCC_PREPROCESSOR_DEFINITIONS = (
					"DEBUG=1",
					"$(inherited)",
				);
				GCC_SYMBOLS_PRIVATE_EXTERN = NO;
				GCC_VERSION = com.apple.compilers.llvm.clang.1_0;
				GCC_WARN_64_TO_32_BIT_CONVERSION = YES;
				GCC_WARN_ABOUT_RETURN_TYPE = YES;
				GCC_WARN_UNINITIALIZED_AUTOS = YES;
				GCC_WARN_UNUSED_VARIABLE = YES;
				MACOSX_DEPLOYMENT_TARGET = 10.8;
				ONLY_ACTIVE_ARCH = YES;
				SDKROOT = macosx;
			};
			name = Debug;
		};
		5D376308154EEF2700A5D323 /* Release */ = {
			isa = XCBuildConfiguration;
			buildSettings = {
				ALWAYS_SEARCH_USER_PATHS = NO;
				ARCHS = "$(ARCHS_STANDARD_64_BIT)";
				CLANG_ENABLE_OBJC_ARC = YES;
				CLANG_WARN_CONSTANT_CONVERSION = YES;
				CLANG_WARN_ENUM_CONVERSION = YES;
				CLANG_WARN_INT_CONVERSION = YES;
				CLANG_WARN__DUPLICATE_METHOD_MATCH = YES;
				COPY_PHASE_STRIP = YES;
				DEBUG_INFORMATION_FORMAT = "dwarf-with-dsym";
				GCC_C_LANGUAGE_STANDARD = gnu99;
				GCC_ENABLE_OBJC_EXCEPTIONS = YES;
				GCC_VERSION = com.apple.compilers.llvm.clang.1_0;
				GCC_WARN_64_TO_32_BIT_CONVERSION = YES;
				GCC_WARN_ABOUT_RETURN_TYPE = YES;
				GCC_WARN_UNINITIALIZED_AUTOS = YES;
				GCC_WARN_UNUSED_VARIABLE = YES;
				MACOSX_DEPLOYMENT_TARGET = 10.8;
				SDKROOT = macosx;
			};
			name = Release;
		};
		5D37630A154EEF2700A5D323 /* Debug */ = {
			isa = XCBuildConfiguration;
			buildSettings = {
				COMBINE_HIDPI_IMAGES = YES;
				GCC_PRECOMPILE_PREFIX_HEADER = YES;
				GCC_PREFIX_HEADER = "Dropbox Autopause/Dropbox Autopause-Prefix.pch";
				INFOPLIST_FILE = "Dropbox Autopause/Dropbox Autopause-Info.plist";
				MACOSX_DEPLOYMENT_TARGET = 10.8;
				PRODUCT_NAME = "$(TARGET_NAME)";
				WRAPPER_EXTENSION = app;
			};
			name = Debug;
		};
		5D37630B154EEF2700A5D323 /* Release */ = {
			isa = XCBuildConfiguration;
			buildSettings = {
				COMBINE_HIDPI_IMAGES = YES;
				GCC_PRECOMPILE_PREFIX_HEADER = YES;
				GCC_PREFIX_HEADER = "Dropbox Autopause/Dropbox Autopause-Prefix.pch";
				INFOPLIST_FILE = "Dropbox Autopause/Dropbox Autopause-Info.plist";
				MACOSX_DEPLOYMENT_TARGET = 10.8;
				PRODUCT_NAME = "$(TARGET_NAME)";
				WRAPPER_EXTENSION = app;
			};
			name = Release;
		};
/* End XCBuildConfiguration section */

/* Begin XCConfigurationList section */
		5D3762E5154EEF2600A5D323 /* Build configuration list for PBXProject "Dropbox Autopause" */ = {
			isa = XCConfigurationList;
			buildConfigurations = (
				5D376307154EEF2700A5D323 /* Debug */,
				5D376308154EEF2700A5D323 /* Release */,
			);
			defaultConfigurationIsVisible = 0;
			defaultConfigurationName = Release;
		};
		5D376309154EEF2700A5D323 /* Build configuration list for PBXNativeTarget "Dropbox Autopause" */ = {
			isa = XCConfigurationList;
			buildConfigurations = (
				5D37630A154EEF2700A5D323 /* Debug */,
				5D37630B154EEF2700A5D323 /* Release */,
			);
			defaultConfigurationIsVisible = 0;
			defaultConfigurationName = Release;
		};
/* End XCConfigurationList section */
	};
	rootObject = 5D3762E2154EEF2600A5D323 /* Project object */;
}
